PODS:
  - Realm (10.5.1):
    - Realm/Headers (= 10.5.1)
  - Realm/Headers (10.5.1)
  - RealmSwift (10.5.1):
    - Realm (= 10.5.1)

DEPENDENCIES:
  - RealmSwift

SPEC REPOS:
  trunk:
    - Realm
    - RealmSwift

SPEC CHECKSUMS:
  Realm: 77fcb4e0b9f2963ea06f584749a0d7dc9cab95e1
  RealmSwift: 6abe6aa6cd8b70cc1a87afcb9232cabea74ff1ac

PODFILE CHECKSUM: f66da0bbd4b234d3f9ce9e25bb88945715dc5c29

COCOAPODS: 1.10.1
